# Generated by buf. DO NOT EDIT.
version: v2
deps:
  - name: buf.build/googleapis/googleapis
    commit: c17df5b2beca46928cc87d5656bd5343
    digest: b5:648a01e0170d4512dea7d564016165decd1ed6e34bef79fe54753e51ad7e27545709ad9157d7551270147d551155c595a2fb0bf5bb33b1c83040ddbce915c604
  - name: buf.build/grpc-ecosystem/grpc-gateway
    commit: da388df5b314402e9dc929362dbbc4b4
    digest: b5:c1dca5dbd31955cc4fe9d791958b3dc8b9152ca7c965935caa80da6024beb3678623dfd9cf9d4611daaf2dcd1c9b259f435320c0d080d45a1273043f66374bc3
