# Generated by buf. DO NOT EDIT.
version: v1
deps:
  - remote: buf.build
    owner: aserto-dev
    repository: aserto
    commit: 7f3df3ecf9a34895941df46c1c3f07e2
  - remote: buf.build
    owner: googleapis
    repository: googleapis
    commit: 8d7204855ec14631a499bd7393ce1970
  - remote: buf.build
    owner: grpc-ecosystem
    repository: grpc-gateway
    commit: bc28b723cd774c32b6fbc77621518765
